// !$*UTF8*$!
{
	archiveVersion = 1;
	classes = {
	};
	objectVersion = 46;
	objects = {

/* Begin PBXBuildFile section */
		2447C7B01485F5E40077C2E6 /* Cocoa.framework in Frameworks */ = {isa = PBXBuildFile; fileRef = 2447C7AF1485F5E40077C2E6 /* Cocoa.framework */; };
		2447C7BA1485F5E40077C2E6 /* InfoPlist.strings in Resources */ = {isa = PBXBuildFile; fileRef = 2447C7B81485F5E40077C2E6 /* InfoPlist.strings */; };
		2447C7BC1485F5E40077C2E6 /* main.m in Sources */ = {isa = PBXBuildFile; fileRef = 2447C7BB1485F5E40077C2E6 /* main.m */; };
		2447C7C01485F5E40077C2E6 /* Credits.rtf in Resources */ = {isa = PBXBuildFile; fileRef = 2447C7BE1485F5E40077C2E6 /* Credits.rtf */; };
		2447C7C31485F5E40077C2E6 /* AppDelegate.m in Sources */ = {isa = PBXBuildFile; fileRef = 2447C7C21485F5E40077C2E6 /* AppDelegate.m */; };
		2447C7C61485F5E40077C2E6 /* MainMenu.xib in Resources */ = {isa = PBXBuildFile; fileRef = 2447C7C41485F5E40077C2E6 /* MainMenu.xib */; };
/* End PBXBuildFile section */

/* Begin PBXFileReference section */
		2447C7AB1485F5E40077C2E6 /* MicBlow.app */ = {isa = PBXFileReference; explicitFileType = wrapper.application; includeInIndex = 0; path = MicBlow.app; sourceTree = BUILT_PRODUCTS_DIR; };
		2447C7AF1485F5E40077C2E6 /* Cocoa.framework */ = {isa = PBXFileReference; lastKnownFileType = wrapper.framework; name = Cocoa.framework; path = System/Library/Frameworks/Cocoa.framework; sourceTree = SDKROOT; };
		2447C7B21485F5E40077C2E6 /* AppKit.framework */ = {isa = PBXFileReference; lastKnownFileType = wrapper.framework; name = AppKit.framework; path = System/Library/Frameworks/AppKit.framework; sourceTree = SDKROOT; };
		2447C7B31485F5E40077C2E6 /* CoreData.framework */ = {isa = PBXFileReference; lastKnownFileType = wrapper.framework; name = CoreData.framework; path = System/Library/Frameworks/CoreData.framework; sourceTree = SDKROOT; };
		2447C7B41485F5E40077C2E6 /* Foundation.framework */ = {isa = PBXFileReference; lastKnownFileType = wrapper.framework; name = Foundation.framework; path = System/Library/Frameworks/Foundation.framework; sourceTree = SDKROOT; };
		2447C7B71485F5E40077C2E6 /* MicBlow-Info.plist */ = {isa = PBXFileReference; path = "MicBlow-Info.plist"; sourceTree = "<group>"; };
		2447C7B91485F5E40077C2E6 /* en */ = {isa = PBXFileReference; lastKnownFileType = text.plist.strings; name = en; path = en.lproj/InfoPlist.strings; sourceTree = "<group>"; };
		2447C7BB1485F5E40077C2E6 /* main.m */ = {isa = PBXFileReference; lastKnownFileType = sourcecode.c.objc; path = main.m; sourceTree = "<group>"; };
		2447C7BD1485F5E40077C2E6 /* MicBlow-Prefix.pch */ = {isa = PBXFileReference; path = "MicBlow-Prefix.pch"; sourceTree = "<group>"; };
		2447C7BF1485F5E40077C2E6 /* en */ = {isa = PBXFileReference; lastKnownFileType = text.rtf; name = en; path = en.lproj/Credits.rtf; sourceTree = "<group>"; };
		2447C7C11485F5E40077C2E6 /* AppDelegate.h */ = {isa = PBXFileReference; path = AppDelegate.h; sourceTree = "<group>"; };
		2447C7C21485F5E40077C2E6 /* AppDelegate.m */ = {isa = PBXFileReference; lastKnownFileType = sourcecode.c.objc; path = AppDelegate.m; sourceTree = "<group>"; };
		2447C7C51485F5E40077C2E6 /* en */ = {isa = PBXFileReference; lastKnownFileType = file.xib; name = en; path = en.lproj/MainMenu.xib; sourceTree = "<group>"; };
/* End PBXFileReference section */

/* Begin PBXFrameworksBuildPhase section */
		2447C7A81485F5E40077C2E6 /* Frameworks */ = {
			isa = PBXFrameworksBuildPhase;
			buildActionMask = 2147483647;
			files = (
				2447C7B01485F5E40077C2E6 /* Cocoa.framework in Frameworks */,
			);
			runOnlyForDeploymentPostprocessing = 0;
		};
/* End PBXFrameworksBuildPhase section */

/* Begin PBXGroup section */
		2447C7A01485F5E40077C2E6 = {
			isa = PBXGroup;
			children = (
				2447C7B51485F5E40077C2E6 /* MicBlow */,
				2447C7AE1485F5E40077C2E6 /* Frameworks */,
				2447C7AC1485F5E40077C2E6 /* Products */,
			);
			sourceTree = "<group>";
		};
		2447C7AC1485F5E40077C2E6 /* Products */ = {
			isa = PBXGroup;
			children = (
				2447C7AB1485F5E40077C2E6 /* MicBlow.app */,
			);
			name = Products;
			sourceTree = "<group>";
		};
		2447C7AE1485F5E40077C2E6 /* Frameworks */ = {
			isa = PBXGroup;
			children = (
				2447C7AF1485F5E40077C2E6 /* Cocoa.framework */,
				2447C7B11485F5E40077C2E6 /* Other Frameworks */,
			);
			name = Frameworks;
			sourceTree = "<group>";
		};
		2447C7B11485F5E40077C2E6 /* Other Frameworks */ = {
			isa = PBXGroup;
			children = (
				2447C7B21485F5E40077C2E6 /* AppKit.framework */,
				2447C7B31485F5E40077C2E6 /* CoreData.framework */,
				2447C7B41485F5E40077C2E6 /* Foundation.framework */,
			);
			name = "Other Frameworks";
			sourceTree = "<group>";
		};
		2447C7B51485F5E40077C2E6 /* MicBlow */ = {
			isa = PBXGroup;
			children = (
				2447C7C11485F5E40077C2E6 /* AppDelegate.h */,
				2447C7C21485F5E40077C2E6 /* AppDelegate.m */,
				2447C7C41485F5E40077C2E6 /* MainMenu.xib */,
				2447C7B61485F5E40077C2E6 /* Supporting Files */,
			);
			path = MicBlow;
			sourceTree = "<group>";
		};
		2447C7B61485F5E40077C2E6 /* Supporting Files */ = {
			isa = PBXGroup;
			children = (
				2447C7B71485F5E40077C2E6 /* MicBlow-Info.plist */,
				2447C7B81485F5E40077C2E6 /* InfoPlist.strings */,
				2447C7BB1485F5E40077C2E6 /* main.m */,
				2447C7BD1485F5E40077C2E6 /* MicBlow-Prefix.pch */,
				2447C7BE1485F5E40077C2E6 /* Credits.rtf */,
			);
			name = "Supporting Files";
			sourceTree = "<group>";
		};
/* End PBXGroup section */

/* Begin PBXNativeTarget section */
		2447C7AA1485F5E40077C2E6 /* MicBlow */ = {
			isa = PBXNativeTarget;
			buildConfigurationList = 2447C7C91485F5E40077C2E6 /* Build configuration list for PBXNativeTarget "MicBlow" */;
			buildPhases = (
				2447C7A71485F5E40077C2E6 /* Sources */,
				2447C7A81485F5E40077C2E6 /* Frameworks */,
				2447C7A91485F5E40077C2E6 /* Resources */,
			);
			buildRules = (
			);
			dependencies = (
			);
			name = MicBlow;
			productName = MicBlow;
			productReference = 2447C7AB1485F5E40077C2E6 /* MicBlow.app */;
			productType = "com.apple.product-type.application";
		};
/* End PBXNativeTarget section */

/* Begin PBXProject section */
		2447C7A21485F5E40077C2E6 /* Project object */ = {
			isa = PBXProject;
			attributes = {
				LastUpgradeCheck = 0420;
			};
			buildConfigurationList = 2447C7A51485F5E40077C2E6 /* Build configuration list for PBXProject "MicBlow" */;
			compatibilityVersion = "Xcode 3.2";
			developmentRegion = English;
			hasScannedForEncodings = 0;
			knownRegions = (
				en,
			);
			mainGroup = 2447C7A01485F5E40077C2E6;
			productRefGroup = 2447C7AC1485F5E40077C2E6 /* Products */;
			projectDirPath = "";
			projectRoot = "";
			targets = (
				2447C7AA1485F5E40077C2E6 /* MicBlow */,
			);
		};
/* End PBXProject section */

/* Begin PBXResourcesBuildPhase section */
		2447C7A91485F5E40077C2E6 /* Resources */ = {
			isa = PBXResourcesBuildPhase;
			buildActionMask = 2147483647;
			files = (
				2447C7BA1485F5E40077C2E6 /* InfoPlist.strings in Resources */,
				2447C7C01485F5E40077C2E6 /* Credits.rtf in Resources */,
				2447C7C61485F5E40077C2E6 /* MainMenu.xib in Resources */,
			);
			runOnlyForDeploymentPostprocessing = 0;
		};
/* End PBXResourcesBuildPhase section */

/* Begin PBXSourcesBuildPhase section */
		2447C7A71485F5E40077C2E6 /* Sources */ = {
			isa = PBXSourcesBuildPhase;
			buildActionMask = 2147483647;
			files = (
				2447C7BC1485F5E40077C2E6 /* main.m in Sources */,
				2447C7C31485F5E40077C2E6 /* AppDelegate.m in Sources */,
			);
			runOnlyForDeploymentPostprocessing = 0;
		};
/* End PBXSourcesBuildPhase section */

/* Begin PBXVariantGroup section */
		2447C7B81485F5E40077C2E6 /* InfoPlist.strings */ = {
			isa = PBXVariantGroup;
			children = (
				2447C7B91485F5E40077C2E6 /* en */,
			);
			name = InfoPlist.strings;
			sourceTree = "<group>";
		};
		2447C7BE1485F5E40077C2E6 /* Credits.rtf */ = {
			isa = PBXVariantGroup;
			children = (
				2447C7BF1485F5E40077C2E6 /* en */,
			);
			name = Credits.rtf;
			sourceTree = "<group>";
		};
		2447C7C41485F5E40077C2E6 /* MainMenu.xib */ = {
			isa = PBXVariantGroup;
			children = (
				2447C7C51485F5E40077C2E6 /* en */,
			);
			name = MainMenu.xib;
			sourceTree = "<group>";
		};
/* End PBXVariantGroup section */

/* Begin XCBuildConfiguration section */
		2447C7C71485F5E40077C2E6 /* Debug */ = {
			isa = XCBuildConfiguration;
			buildSettings = {
				ALWAYS_SEARCH_USER_PATHS = NO;
				ARCHS = "$(ARCHS_STANDARD_64_BIT)";
				COPY_PHASE_STRIP = NO;
				GCC_C_LANGUAGE_STANDARD = gnu99;
				GCC_DYNAMIC_NO_PIC = NO;
				GCC_ENABLE_OBJC_EXCEPTIONS = YES;
				GCC_OPTIMIZATION_LEVEL = 0;
				GCC_PREPROCESSOR_DEFINITIONS = (
					"DEBUG=1",
					"$(inherited)",
				);
				GCC_SYMBOLS_PRIVATE_EXTERN = NO;
				GCC_VERSION = com.apple.compilers.llvm.clang.1_0;
				GCC_WARN_64_TO_32_BIT_CONVERSION = YES;
				GCC_WARN_ABOUT_MISSING_PROTOTYPES = YES;
				GCC_WARN_ABOUT_RETURN_TYPE = YES;
				GCC_WARN_UNUSED_VARIABLE = YES;
				MACOSX_DEPLOYMENT_TARGET = 10.7;
				ONLY_ACTIVE_ARCH = YES;
				SDKROOT = macosx;
			};
			name = Debug;
		};
		2447C7C81485F5E40077C2E6 /* Release */ = {
			isa = XCBuildConfiguration;
			buildSettings = {
				ALWAYS_SEARCH_USER_PATHS = NO;
				ARCHS = "$(ARCHS_STANDARD_64_BIT)";
				COPY_PHASE_STRIP = YES;
				DEBUG_INFORMATION_FORMAT = "dwarf-with-dsym";
				GCC_C_LANGUAGE_STANDARD = gnu99;
				GCC_ENABLE_OBJC_EXCEPTIONS = YES;
				GCC_VERSION = com.apple.compilers.llvm.clang.1_0;
				GCC_WARN_64_TO_32_BIT_CONVERSION = YES;
				GCC_WARN_ABOUT_MISSING_PROTOTYPES = YES;
				GCC_WARN_ABOUT_RETURN_TYPE = YES;
				GCC_WARN_UNUSED_VARIABLE = YES;
				MACOSX_DEPLOYMENT_TARGET = 10.7;
				SDKROOT = macosx;
			};
			name = Release;
		};
		2447C7CA1485F5E40077C2E6 /* Debug */ = {
			isa = XCBuildConfiguration;
			buildSettings = {
				GCC_PRECOMPILE_PREFIX_HEADER = YES;
				GCC_PREFIX_HEADER = "MicBlow/MicBlow-Prefix.pch";
				INFOPLIST_FILE = "MicBlow/MicBlow-Info.plist";
				PRODUCT_NAME = "$(TARGET_NAME)";
				WRAPPER_EXTENSION = app;
			};
			name = Debug;
		};
		2447C7CB1485F5E40077C2E6 /* Release */ = {
			isa = XCBuildConfiguration;
			buildSettings = {
				GCC_PRECOMPILE_PREFIX_HEADER = YES;
				GCC_PREFIX_HEADER = "MicBlow/MicBlow-Prefix.pch";
				INFOPLIST_FILE = "MicBlow/MicBlow-Info.plist";
				PRODUCT_NAME = "$(TARGET_NAME)";
				WRAPPER_EXTENSION = app;
			};
			name = Release;
		};
/* End XCBuildConfiguration section */

/* Begin XCConfigurationList section */
		2447C7A51485F5E40077C2E6 /* Build configuration list for PBXProject "MicBlow" */ = {
			isa = XCConfigurationList;
			buildConfigurations = (
				2447C7C71485F5E40077C2E6 /* Debug */,
				2447C7C81485F5E40077C2E6 /* Release */,
			);
			defaultConfigurationIsVisible = 0;
			defaultConfigurationName = Release;
		};
		2447C7C91485F5E40077C2E6 /* Build configuration list for PBXNativeTarget "MicBlow" */ = {
			isa = XCConfigurationList;
			buildConfigurations = (
				2447C7CA1485F5E40077C2E6 /* Debug */,
				2447C7CB1485F5E40077C2E6 /* Release */,
			);
			defaultConfigurationIsVisible = 0;
		};
/* End XCConfigurationList section */
	};
	rootObject = 2447C7A21485F5E40077C2E6 /* Project object */;
}
