// !$*UTF8*$!
{
	archiveVersion = 1;
	classes = {
	};
	objectVersion = 46;
	objects = {

/* Begin PBXBuildFile section */
		243423051487943100103E0F /* MainMenu.xib in Resources */ = {isa = PBXBuildFile; fileRef = 243423041487943100103E0F /* MainMenu.xib */; };
		2447C7B01485F5E40077C2E6 /* Cocoa.framework in Frameworks */ = {isa = PBXBuildFile; fileRef = 2447C7AF1485F5E40077C2E6 /* Cocoa.framework */; };
		2447C7CD1485F6370077C2E6 /* AVFoundation.framework in Frameworks */ = {isa = PBXBuildFile; fileRef = 2447C7CC1485F6370077C2E6 /* AVFoundation.framework */; };
		24645C3814878A4D00A88D16 /* AppDelegate.m in Sources */ = {isa = PBXBuildFile; fileRef = 24645C3514878A4D00A88D16 /* AppDelegate.m */; };
		24645C3914878A4D00A88D16 /* MainView.m in Sources */ = {isa = PBXBuildFile; fileRef = 24645C3714878A4D00A88D16 /* MainView.m */; };
		24645C4B14878AA000A88D16 /* main.m in Sources */ = {isa = PBXBuildFile; fileRef = 24645C4A14878AA000A88D16 /* main.m */; };
		24645C4D14878DB000A88D16 /* main.m in Resources */ = {isa = PBXBuildFile; fileRef = 24645C4A14878AA000A88D16 /* main.m */; };
		247D7D0414878E1000C7524D /* Credits.rtf in Resources */ = {isa = PBXBuildFile; fileRef = 24645C4414878A9800A88D16 /* Credits.rtf */; };
		247D7D0514878E1400C7524D /* InfoPlist.strings in Resources */ = {isa = PBXBuildFile; fileRef = 24645C4614878A9800A88D16 /* InfoPlist.strings */; };
/* End PBXBuildFile section */

/* Begin PBXFileReference section */
		243423041487943100103E0F /* MainMenu.xib */ = {isa = PBXFileReference; fileEncoding = 4; lastKnownFileType = file.xib; name = MainMenu.xib; path = SneezeRecorder/MainMenu.xib; sourceTree = SOURCE_ROOT; };
		2447C7AB1485F5E40077C2E6 /* SneezeRecorder.app */ = {isa = PBXFileReference; explicitFileType = wrapper.application; includeInIndex = 0; path = SneezeRecorder.app; sourceTree = BUILT_PRODUCTS_DIR; };
		2447C7AF1485F5E40077C2E6 /* Cocoa.framework */ = {isa = PBXFileReference; lastKnownFileType = wrapper.framework; name = Cocoa.framework; path = System/Library/Frameworks/Cocoa.framework; sourceTree = SDKROOT; };
		2447C7B21485F5E40077C2E6 /* AppKit.framework */ = {isa = PBXFileReference; lastKnownFileType = wrapper.framework; name = AppKit.framework; path = System/Library/Frameworks/AppKit.framework; sourceTree = SDKROOT; };
		2447C7B31485F5E40077C2E6 /* CoreData.framework */ = {isa = PBXFileReference; lastKnownFileType = wrapper.framework; name = CoreData.framework; path = System/Library/Frameworks/CoreData.framework; sourceTree = SDKROOT; };
		2447C7B41485F5E40077C2E6 /* Foundation.framework */ = {isa = PBXFileReference; lastKnownFileType = wrapper.framework; name = Foundation.framework; path = System/Library/Frameworks/Foundation.framework; sourceTree = SDKROOT; };
		2447C7CC1485F6370077C2E6 /* AVFoundation.framework */ = {isa = PBXFileReference; lastKnownFileType = wrapper.framework; name = AVFoundation.framework; path = System/Library/Frameworks/AVFoundation.framework; sourceTree = SDKROOT; };
		24645C3414878A4D00A88D16 /* AppDelegate.h */ = {isa = PBXFileReference; fileEncoding = 4; lastKnownFileType = sourcecode.c.h; name = AppDelegate.h; path = SneezeRecorder/AppDelegate.h; sourceTree = SOURCE_ROOT; };
		24645C3514878A4D00A88D16 /* AppDelegate.m */ = {isa = PBXFileReference; fileEncoding = 4; lastKnownFileType = sourcecode.c.objc; name = AppDelegate.m; path = SneezeRecorder/AppDelegate.m; sourceTree = SOURCE_ROOT; };
		24645C3614878A4D00A88D16 /* MainView.h */ = {isa = PBXFileReference; fileEncoding = 4; lastKnownFileType = sourcecode.c.h; name = MainView.h; path = SneezeRecorder/MainView.h; sourceTree = SOURCE_ROOT; };
		24645C3714878A4D00A88D16 /* MainView.m */ = {isa = PBXFileReference; fileEncoding = 4; lastKnownFileType = sourcecode.c.objc; name = MainView.m; path = SneezeRecorder/MainView.m; sourceTree = SOURCE_ROOT; };
		24645C3D14878A6A00A88D16 /* SneezeRecorder-Info.plist */ = {isa = PBXFileReference; fileEncoding = 4; lastKnownFileType = text.plist.xml; name = "SneezeRecorder-Info.plist"; path = "SneezeRecorder/SneezeRecorder-Info.plist"; sourceTree = SOURCE_ROOT; };
		24645C3E14878A6A00A88D16 /* SneezeRecorder-Prefix.pch */ = {isa = PBXFileReference; fileEncoding = 4; lastKnownFileType = sourcecode.c.h; name = "SneezeRecorder-Prefix.pch"; path = "SneezeRecorder/SneezeRecorder-Prefix.pch"; sourceTree = SOURCE_ROOT; };
		24645C4514878A9800A88D16 /* en */ = {isa = PBXFileReference; lastKnownFileType = text.rtf; name = en; path = SneezeRecorder/en.lproj/Credits.rtf; sourceTree = SOURCE_ROOT; };
		24645C4714878A9800A88D16 /* en */ = {isa = PBXFileReference; lastKnownFileType = text.plist.strings; name = en; path = SneezeRecorder/en.lproj/InfoPlist.strings; sourceTree = SOURCE_ROOT; };
		24645C4A14878AA000A88D16 /* main.m */ = {isa = PBXFileReference; fileEncoding = 4; lastKnownFileType = sourcecode.c.objc; name = main.m; path = SneezeRecorder/main.m; sourceTree = SOURCE_ROOT; };
		247D7D0614878F7600C7524D /* CoreAudio.framework */ = {isa = PBXFileReference; lastKnownFileType = wrapper.framework; name = CoreAudio.framework; path = System/Library/Frameworks/CoreAudio.framework; sourceTree = SDKROOT; };
/* End PBXFileReference section */

/* Begin PBXFrameworksBuildPhase section */
		2447C7A81485F5E40077C2E6 /* Frameworks */ = {
			isa = PBXFrameworksBuildPhase;
			buildActionMask = 2147483647;
			files = (
				2447C7CD1485F6370077C2E6 /* AVFoundation.framework in Frameworks */,
				2447C7B01485F5E40077C2E6 /* Cocoa.framework in Frameworks */,
			);
			runOnlyForDeploymentPostprocessing = 0;
		};
/* End PBXFrameworksBuildPhase section */

/* Begin PBXGroup section */
		2447C7A01485F5E40077C2E6 = {
			isa = PBXGroup;
			children = (
				247D7D0614878F7600C7524D /* CoreAudio.framework */,
				2447C7CC1485F6370077C2E6 /* AVFoundation.framework */,
				2447C7B51485F5E40077C2E6 /* SneezeRecorder */,
				2447C7AE1485F5E40077C2E6 /* Frameworks */,
				2447C7AC1485F5E40077C2E6 /* Products */,
			);
			sourceTree = "<group>";
		};
		2447C7AC1485F5E40077C2E6 /* Products */ = {
			isa = PBXGroup;
			children = (
				2447C7AB1485F5E40077C2E6 /* SneezeRecorder.app */,
			);
			name = Products;
			sourceTree = "<group>";
		};
		2447C7AE1485F5E40077C2E6 /* Frameworks */ = {
			isa = PBXGroup;
			children = (
				2447C7AF1485F5E40077C2E6 /* Cocoa.framework */,
				2447C7B11485F5E40077C2E6 /* Other Frameworks */,
			);
			name = Frameworks;
			sourceTree = "<group>";
		};
		2447C7B11485F5E40077C2E6 /* Other Frameworks */ = {
			isa = PBXGroup;
			children = (
				2447C7B21485F5E40077C2E6 /* AppKit.framework */,
				2447C7B31485F5E40077C2E6 /* CoreData.framework */,
				2447C7B41485F5E40077C2E6 /* Foundation.framework */,
			);
			name = "Other Frameworks";
			sourceTree = "<group>";
		};
		2447C7B51485F5E40077C2E6 /* SneezeRecorder */ = {
			isa = PBXGroup;
			children = (
				24645C3414878A4D00A88D16 /* AppDelegate.h */,
				24645C3514878A4D00A88D16 /* AppDelegate.m */,
				24645C3614878A4D00A88D16 /* MainView.h */,
				24645C3714878A4D00A88D16 /* MainView.m */,
				243423041487943100103E0F /* MainMenu.xib */,
				2447C7B61485F5E40077C2E6 /* Supporting Files */,
			);
			name = SneezeRecorder;
			path = MicBlow;
			sourceTree = "<group>";
		};
		2447C7B61485F5E40077C2E6 /* Supporting Files */ = {
			isa = PBXGroup;
			children = (
				24645C3D14878A6A00A88D16 /* SneezeRecorder-Info.plist */,
				24645C4414878A9800A88D16 /* Credits.rtf */,
				24645C4614878A9800A88D16 /* InfoPlist.strings */,
				24645C3E14878A6A00A88D16 /* SneezeRecorder-Prefix.pch */,
				24645C4A14878AA000A88D16 /* main.m */,
			);
			name = "Supporting Files";
			sourceTree = "<group>";
		};
/* End PBXGroup section */

/* Begin PBXNativeTarget section */
		2447C7AA1485F5E40077C2E6 /* SneezeRecorder */ = {
			isa = PBXNativeTarget;
			buildConfigurationList = 2447C7C91485F5E40077C2E6 /* Build configuration list for PBXNativeTarget "SneezeRecorder" */;
			buildPhases = (
				2447C7A71485F5E40077C2E6 /* Sources */,
				2447C7A81485F5E40077C2E6 /* Frameworks */,
				2447C7A91485F5E40077C2E6 /* Resources */,
			);
			buildRules = (
			);
			dependencies = (
			);
			name = SneezeRecorder;
			productName = MicBlow;
			productReference = 2447C7AB1485F5E40077C2E6 /* SneezeRecorder.app */;
			productType = "com.apple.product-type.application";
		};
/* End PBXNativeTarget section */

/* Begin PBXProject section */
		2447C7A21485F5E40077C2E6 /* Project object */ = {
			isa = PBXProject;
			attributes = {
				LastUpgradeCheck = 0420;
			};
			buildConfigurationList = 2447C7A51485F5E40077C2E6 /* Build configuration list for PBXProject "SneezeRecorder" */;
			compatibilityVersion = "Xcode 3.2";
			developmentRegion = English;
			hasScannedForEncodings = 0;
			knownRegions = (
				en,
			);
			mainGroup = 2447C7A01485F5E40077C2E6;
			productRefGroup = 2447C7AC1485F5E40077C2E6 /* Products */;
			projectDirPath = "";
			projectRoot = "";
			targets = (
				2447C7AA1485F5E40077C2E6 /* SneezeRecorder */,
			);
		};
/* End PBXProject section */

/* Begin PBXResourcesBuildPhase section */
		2447C7A91485F5E40077C2E6 /* Resources */ = {
			isa = PBXResourcesBuildPhase;
			buildActionMask = 2147483647;
			files = (
				247D7D0514878E1400C7524D /* InfoPlist.strings in Resources */,
				247D7D0414878E1000C7524D /* Credits.rtf in Resources */,
				24645C4D14878DB000A88D16 /* main.m in Resources */,
				243423051487943100103E0F /* MainMenu.xib in Resources */,
			);
			runOnlyForDeploymentPostprocessing = 0;
		};
/* End PBXResourcesBuildPhase section */

/* Begin PBXSourcesBuildPhase section */
		2447C7A71485F5E40077C2E6 /* Sources */ = {
			isa = PBXSourcesBuildPhase;
			buildActionMask = 2147483647;
			files = (
				24645C3814878A4D00A88D16 /* AppDelegate.m in Sources */,
				24645C3914878A4D00A88D16 /* MainView.m in Sources */,
				24645C4B14878AA000A88D16 /* main.m in Sources */,
			);
			runOnlyForDeploymentPostprocessing = 0;
		};
/* End PBXSourcesBuildPhase section */

/* Begin PBXVariantGroup section */
		24645C4414878A9800A88D16 /* Credits.rtf */ = {
			isa = PBXVariantGroup;
			children = (
				24645C4514878A9800A88D16 /* en */,
			);
			name = Credits.rtf;
			sourceTree = "<group>";
		};
		24645C4614878A9800A88D16 /* InfoPlist.strings */ = {
			isa = PBXVariantGroup;
			children = (
				24645C4714878A9800A88D16 /* en */,
			);
			name = InfoPlist.strings;
			sourceTree = "<group>";
		};
/* End PBXVariantGroup section */

/* Begin XCBuildConfiguration section */
		2447C7C71485F5E40077C2E6 /* Debug */ = {
			isa = XCBuildConfiguration;
			buildSettings = {
				ALWAYS_SEARCH_USER_PATHS = NO;
				ARCHS = "$(ARCHS_STANDARD_64_BIT)";
				COPY_PHASE_STRIP = NO;
				GCC_C_LANGUAGE_STANDARD = gnu99;
				GCC_DYNAMIC_NO_PIC = NO;
				GCC_ENABLE_OBJC_EXCEPTIONS = YES;
				GCC_OPTIMIZATION_LEVEL = 0;
				GCC_PREPROCESSOR_DEFINITIONS = (
					"DEBUG=1",
					"$(inherited)",
				);
				GCC_SYMBOLS_PRIVATE_EXTERN = NO;
				GCC_VERSION = com.apple.compilers.llvm.clang.1_0;
				GCC_WARN_64_TO_32_BIT_CONVERSION = YES;
				GCC_WARN_ABOUT_MISSING_PROTOTYPES = YES;
				GCC_WARN_ABOUT_RETURN_TYPE = YES;
				GCC_WARN_UNUSED_VARIABLE = YES;
				MACOSX_DEPLOYMENT_TARGET = 10.7;
				ONLY_ACTIVE_ARCH = YES;
				SDKROOT = macosx;
			};
			name = Debug;
		};
		2447C7C81485F5E40077C2E6 /* Release */ = {
			isa = XCBuildConfiguration;
			buildSettings = {
				ALWAYS_SEARCH_USER_PATHS = NO;
				ARCHS = "$(ARCHS_STANDARD_64_BIT)";
				COPY_PHASE_STRIP = YES;
				DEBUG_INFORMATION_FORMAT = "dwarf-with-dsym";
				GCC_C_LANGUAGE_STANDARD = gnu99;
				GCC_ENABLE_OBJC_EXCEPTIONS = YES;
				GCC_VERSION = com.apple.compilers.llvm.clang.1_0;
				GCC_WARN_64_TO_32_BIT_CONVERSION = YES;
				GCC_WARN_ABOUT_MISSING_PROTOTYPES = YES;
				GCC_WARN_ABOUT_RETURN_TYPE = YES;
				GCC_WARN_UNUSED_VARIABLE = YES;
				MACOSX_DEPLOYMENT_TARGET = 10.7;
				SDKROOT = macosx;
			};
			name = Release;
		};
		2447C7CA1485F5E40077C2E6 /* Debug */ = {
			isa = XCBuildConfiguration;
			buildSettings = {
				GCC_PRECOMPILE_PREFIX_HEADER = YES;
				GCC_PREFIX_HEADER = "SneezeRecorder/SneezeRecorder-Prefix.pch";
				INFOPLIST_FILE = "SneezeRecorder/SneezeRecorder-Info.plist";
				PRODUCT_NAME = SneezeRecorder;
				WRAPPER_EXTENSION = app;
			};
			name = Debug;
		};
		2447C7CB1485F5E40077C2E6 /* Release */ = {
			isa = XCBuildConfiguration;
			buildSettings = {
				GCC_PRECOMPILE_PREFIX_HEADER = YES;
				GCC_PREFIX_HEADER = "SneezeRecorder/SneezeRecorder-Prefix.pch";
				INFOPLIST_FILE = "SneezeRecorder/SneezeRecorder-Info.plist";
				PRODUCT_NAME = SneezeRecorder;
				WRAPPER_EXTENSION = app;
			};
			name = Release;
		};
/* End XCBuildConfiguration section */

/* Begin XCConfigurationList section */
		2447C7A51485F5E40077C2E6 /* Build configuration list for PBXProject "SneezeRecorder" */ = {
			isa = XCConfigurationList;
			buildConfigurations = (
				2447C7C71485F5E40077C2E6 /* Debug */,
				2447C7C81485F5E40077C2E6 /* Release */,
			);
			defaultConfigurationIsVisible = 0;
			defaultConfigurationName = Release;
		};
		2447C7C91485F5E40077C2E6 /* Build configuration list for PBXNativeTarget "SneezeRecorder" */ = {
			isa = XCConfigurationList;
			buildConfigurations = (
				2447C7CA1485F5E40077C2E6 /* Debug */,
				2447C7CB1485F5E40077C2E6 /* Release */,
			);
			defaultConfigurationIsVisible = 0;
			defaultConfigurationName = Release;
		};
/* End XCConfigurationList section */
	};
	rootObject = 2447C7A21485F5E40077C2E6 /* Project object */;
}
